
Microsoft Visual Studio Solution File, Format Version 12.00
# Visual Studio 15
VisualStudioVersion = 15.0.27703.2000
MinimumVisualStudioVersion = 10.0.40219.1
Project("{FAE04EC0-301F-11D3-BF4B-00C04F79EFBC}") = "GitHubTest", "GitHubTest.csproj", "{B45F704A-92EF-4947-83DD-700F173ABCED}"
EndProject
Global
	GlobalSection(SolutionConfigurationPlatforms) = preSolution
		Debug|Any CPU = Debug|Any CPU
		Release|Any CPU = Release|Any CPU
	EndGlobalSection
	GlobalSection(ProjectConfigurationPlatforms) = postSolution
		{B45F704A-92EF-4947-83DD-700F173ABCED}.Debug|Any CPU.ActiveCfg = Debug|Any CPU
		{B45F704A-92EF-4947-83DD-700F173ABCED}.Debug|Any CPU.Build.0 = Debug|Any CPU
		{B45F704A-92EF-4947-83DD-700F173ABCED}.Release|Any CPU.ActiveCfg = Release|Any CPU
		{B45F704A-92EF-4947-83DD-700F173ABCED}.Release|Any CPU.Build.0 = Release|Any CPU
	EndGlobalSection
	GlobalSection(SolutionProperties) = preSolution
		HideSolutionNode = FALSE
	EndGlobalSection
	GlobalSection(ExtensibilityGlobals) = postSolution
		SolutionGuid = {9727CDCA-D704-4F03-970D-F9D46D042084}
	EndGlobalSection
EndGlobal
